
Microsoft Visual Studio Solution File, Format Version 12.00
# Visual Studio Version 17
VisualStudioVersion = 17.4.33205.214
MinimumVisualStudioVersion = 10.0.40219.1
Project("{FAE04EC0-301F-11D3-BF4B-00C04F79EFBC}") = "WebApp", "WebApp\WebApp.csproj", "{3E9D29D1-DF03-4AF8-87D5-43F5CDC6FDE5}"
EndProject
Global
	GlobalSection(SolutionConfigurationPlatforms) = preSolution
		Debug|Any CPU = Debug|Any CPU
		Release|Any CPU = Release|Any CPU
	EndGlobalSection
	GlobalSection(ProjectConfigurationPlatforms) = postSolution
		{3E9D29D1-DF03-4AF8-87D5-43F5CDC6FDE5}.Debug|Any CPU.ActiveCfg = Debug|Any CPU
		{3E9D29D1-DF03-4AF8-87D5-43F5CDC6FDE5}.Debug|Any CPU.Build.0 = Debug|Any CPU
		{3E9D29D1-DF03-4AF8-87D5-43F5CDC6FDE5}.Release|Any CPU.ActiveCfg = Release|Any CPU
		{3E9D29D1-DF03-4AF8-87D5-43F5CDC6FDE5}.Release|Any CPU.Build.0 = Release|Any CPU
	EndGlobalSection
	GlobalSection(SolutionProperties) = preSolution
		HideSolutionNode = FALSE
	EndGlobalSection
	GlobalSection(ExtensibilityGlobals) = postSolution
		SolutionGuid = {26E44BCE-B93E-4640-8F5F-93B602A0B36A}
	EndGlobalSection
EndGlobal
